
Microsoft Visual Studio Solution File, Format Version 12.00
# Visual Studio Version 16
VisualStudioVersion = 16.0.30114.105
MinimumVisualStudioVersion = 10.0.40219.1
Project("{9A19103F-16F7-4668-BE54-9A1E7A4F7556}") = "Soft.App.Server", "src\Soft.App.Server\Soft.App.Server.csproj", "{20FC241D-CC88-48F5-A95D-EC18904D092C}"
EndProject
Project("{2150E333-8FDC-42A3-9474-1A3956D46DE8}") = "Soft", "Soft", "{F3222CD4-D85F-4F38-8071-1ADF92F424BD}"
EndProject
Project("{FAE04EC0-301F-11D3-BF4B-00C04F79EFBC}") = "Soft.Data.Dapper", "src\Soft\Soft.Data.Dapper\Soft.Data.Dapper.csproj", "{A66C709E-F64B-4B95-AA64-36C497BE32F2}"
EndProject
Project("{9A19103F-16F7-4668-BE54-9A1E7A4F7556}") = "Soft.Util", "src\Soft\Soft.Util\Soft.Util.csproj", "{961E4B3B-683C-47E4-921D-9C83642BA0D6}"
EndProject
Global
	GlobalSection(SolutionConfigurationPlatforms) = preSolution
		Debug|Any CPU = Debug|Any CPU
		Release|Any CPU = Release|Any CPU
	EndGlobalSection
	GlobalSection(ProjectConfigurationPlatforms) = postSolution
		{20FC241D-CC88-48F5-A95D-EC18904D092C}.Debug|Any CPU.ActiveCfg = Debug|Any CPU
		{20FC241D-CC88-48F5-A95D-EC18904D092C}.Debug|Any CPU.Build.0 = Debug|Any CPU
		{20FC241D-CC88-48F5-A95D-EC18904D092C}.Release|Any CPU.ActiveCfg = Release|Any CPU
		{20FC241D-CC88-48F5-A95D-EC18904D092C}.Release|Any CPU.Build.0 = Release|Any CPU
		{A66C709E-F64B-4B95-AA64-36C497BE32F2}.Debug|Any CPU.ActiveCfg = Debug|Any CPU
		{A66C709E-F64B-4B95-AA64-36C497BE32F2}.Debug|Any CPU.Build.0 = Debug|Any CPU
		{A66C709E-F64B-4B95-AA64-36C497BE32F2}.Release|Any CPU.ActiveCfg = Release|Any CPU
		{A66C709E-F64B-4B95-AA64-36C497BE32F2}.Release|Any CPU.Build.0 = Release|Any CPU
		{961E4B3B-683C-47E4-921D-9C83642BA0D6}.Debug|Any CPU.ActiveCfg = Debug|Any CPU
		{961E4B3B-683C-47E4-921D-9C83642BA0D6}.Debug|Any CPU.Build.0 = Debug|Any CPU
		{961E4B3B-683C-47E4-921D-9C83642BA0D6}.Release|Any CPU.ActiveCfg = Release|Any CPU
		{961E4B3B-683C-47E4-921D-9C83642BA0D6}.Release|Any CPU.Build.0 = Release|Any CPU
	EndGlobalSection
	GlobalSection(SolutionProperties) = preSolution
		HideSolutionNode = FALSE
	EndGlobalSection
	GlobalSection(NestedProjects) = preSolution
		{A66C709E-F64B-4B95-AA64-36C497BE32F2} = {F3222CD4-D85F-4F38-8071-1ADF92F424BD}
		{961E4B3B-683C-47E4-921D-9C83642BA0D6} = {F3222CD4-D85F-4F38-8071-1ADF92F424BD}
	EndGlobalSection
	GlobalSection(ExtensibilityGlobals) = postSolution
		SolutionGuid = {4AA3C4CA-4CCD-4783-857B-36EC8AF9B369}
	EndGlobalSection
EndGlobal
