
Microsoft Visual Studio Solution File, Format Version 12.00
# Visual Studio Version 16
VisualStudioVersion = 16.0.30114.105
MinimumVisualStudioVersion = 10.0.40219.1
Project("{FAE04EC0-301F-11D3-BF4B-00C04F79EFBC}") = "Soft.App.Server", "src\Soft.App.Server\Soft.App.Server.csproj", "{20FC241D-CC88-48F5-A95D-EC18904D092C}"
EndProject
Project("{9092AA53-FB77-4645-B42D-1CCCA6BD08BD}") = "Soft.App.Client", "src\Soft.App.Client\Soft.App.Client.njsproj", "{E63B7C7C-B5EF-4406-9006-17FC4F596AD3}"
EndProject
Global
	GlobalSection(SolutionConfigurationPlatforms) = preSolution
		Debug|Any CPU = Debug|Any CPU
		Release|Any CPU = Release|Any CPU
	EndGlobalSection
	GlobalSection(ProjectConfigurationPlatforms) = postSolution
		{20FC241D-CC88-48F5-A95D-EC18904D092C}.Debug|Any CPU.ActiveCfg = Debug|Any CPU
		{20FC241D-CC88-48F5-A95D-EC18904D092C}.Debug|Any CPU.Build.0 = Debug|Any CPU
		{20FC241D-CC88-48F5-A95D-EC18904D092C}.Release|Any CPU.ActiveCfg = Release|Any CPU
		{20FC241D-CC88-48F5-A95D-EC18904D092C}.Release|Any CPU.Build.0 = Release|Any CPU
		{E63B7C7C-B5EF-4406-9006-17FC4F596AD3}.Debug|Any CPU.ActiveCfg = Debug|Any CPU
		{E63B7C7C-B5EF-4406-9006-17FC4F596AD3}.Debug|Any CPU.Build.0 = Debug|Any CPU
		{E63B7C7C-B5EF-4406-9006-17FC4F596AD3}.Release|Any CPU.ActiveCfg = Release|Any CPU
		{E63B7C7C-B5EF-4406-9006-17FC4F596AD3}.Release|Any CPU.Build.0 = Release|Any CPU
	EndGlobalSection
	GlobalSection(SolutionProperties) = preSolution
		HideSolutionNode = FALSE
	EndGlobalSection
	GlobalSection(ExtensibilityGlobals) = postSolution
		SolutionGuid = {4AA3C4CA-4CCD-4783-857B-36EC8AF9B369}
	EndGlobalSection
EndGlobal
